
Microsoft Visual Studio Solution File, Format Version 12.00
# Visual Studio 2012
Project("{FAE04EC0-301F-11D3-BF4B-00C04F79EFBC}") = "ArrayExJs", "ArrayExJs\ArrayExJs.csproj", "{0ED144F5-3C3F-4B3F-A0F7-0DC4DFB282C0}"
EndProject
Project("{FAE04EC0-301F-11D3-BF4B-00C04F79EFBC}") = "ArrayExJs.Tests", "ArrayExJs.Tests\ArrayExJs.Tests.csproj", "{1BC76051-41AA-463E-AEA4-DECAC75A5DD9}"
EndProject
Global
	GlobalSection(SolutionConfigurationPlatforms) = preSolution
		Debug|Any CPU = Debug|Any CPU
		Release|Any CPU = Release|Any CPU
	EndGlobalSection
	GlobalSection(ProjectConfigurationPlatforms) = postSolution
		{0ED144F5-3C3F-4B3F-A0F7-0DC4DFB282C0}.Debug|Any CPU.ActiveCfg = Debug|Any CPU
		{0ED144F5-3C3F-4B3F-A0F7-0DC4DFB282C0}.Debug|Any CPU.Build.0 = Debug|Any CPU
		{0ED144F5-3C3F-4B3F-A0F7-0DC4DFB282C0}.Release|Any CPU.ActiveCfg = Release|Any CPU
		{0ED144F5-3C3F-4B3F-A0F7-0DC4DFB282C0}.Release|Any CPU.Build.0 = Release|Any CPU
		{1BC76051-41AA-463E-AEA4-DECAC75A5DD9}.Debug|Any CPU.ActiveCfg = Debug|Any CPU
		{1BC76051-41AA-463E-AEA4-DECAC75A5DD9}.Debug|Any CPU.Build.0 = Debug|Any CPU
		{1BC76051-41AA-463E-AEA4-DECAC75A5DD9}.Release|Any CPU.ActiveCfg = Release|Any CPU
		{1BC76051-41AA-463E-AEA4-DECAC75A5DD9}.Release|Any CPU.Build.0 = Release|Any CPU
	EndGlobalSection
	GlobalSection(SolutionProperties) = preSolution
		HideSolutionNode = FALSE
	EndGlobalSection
EndGlobal
